// !$*UTF8*$!
{
	archiveVersion = 1;
	classes = {
	};
	objectVersion = 50;
	objects = {

/* Begin PBXBuildFile section */
		C7344CCB260BB8A10074A1EF /* AppDelegate.swift in Sources */ = {isa = PBXBuildFile; fileRef = C7344CCA260BB8A10074A1EF /* AppDelegate.swift */; };
		C7344CCD260BB8A10074A1EF /* SceneDelegate.swift in Sources */ = {isa = PBXBuildFile; fileRef = C7344CCC260BB8A10074A1EF /* SceneDelegate.swift */; };
		C7344CCF260BB8A10074A1EF /* ViewController.swift in Sources */ = {isa = PBXBuildFile; fileRef = C7344CCE260BB8A10074A1EF /* ViewController.swift */; };
		C7344CD2260BB8A10074A1EF /* Main.storyboard in Resources */ = {isa = PBXBuildFile; fileRef = C7344CD0260BB8A10074A1EF /* Main.storyboard */; };
		C7344CD4260BB8A20074A1EF /* Assets.xcassets in Resources */ = {isa = PBXBuildFile; fileRef = C7344CD3260BB8A20074A1EF /* Assets.xcassets */; };
		C7344CD7260BB8A20074A1EF /* LaunchScreen.storyboard in Resources */ = {isa = PBXBuildFile; fileRef = C7344CD5260BB8A20074A1EF /* LaunchScreen.storyboard */; };
		C7344CE2260BB8A30074A1EF /* FinalTests.swift in Sources */ = {isa = PBXBuildFile; fileRef = C7344CE1260BB8A30074A1EF /* FinalTests.swift */; };
		C7344CED260BB8A30074A1EF /* FinalUITests.swift in Sources */ = {isa = PBXBuildFile; fileRef = C7344CEC260BB8A30074A1EF /* FinalUITests.swift */; };
		C7E73EBE260BCCED000D8022 /* PredictViewController.swift in Sources */ = {isa = PBXBuildFile; fileRef = C7E73EBD260BCCED000D8022 /* PredictViewController.swift */; };
		C7E73EC1260BD978000D8022 /* thesistest.mlmodel in Sources */ = {isa = PBXBuildFile; fileRef = C7E73EC0260BD978000D8022 /* thesistest.mlmodel */; };
		C7E73EC3260C84DE000D8022 /* SecondNavigationController.swift in Sources */ = {isa = PBXBuildFile; fileRef = C7E73EC2260C84DE000D8022 /* SecondNavigationController.swift */; };
/* End PBXBuildFile section */

/* Begin PBXContainerItemProxy section */
		C7344CDE260BB8A30074A1EF /* PBXContainerItemProxy */ = {
			isa = PBXContainerItemProxy;
			containerPortal = C7344CBF260BB8A10074A1EF /* Project object */;
			proxyType = 1;
			remoteGlobalIDString = C7344CC6260BB8A10074A1EF;
			remoteInfo = Final;
		};
		C7344CE9260BB8A30074A1EF /* PBXContainerItemProxy */ = {
			isa = PBXContainerItemProxy;
			containerPortal = C7344CBF260BB8A10074A1EF /* Project object */;
			proxyType = 1;
			remoteGlobalIDString = C7344CC6260BB8A10074A1EF;
			remoteInfo = Final;
		};
/* End PBXContainerItemProxy section */

/* Begin PBXFileReference section */
		C7344CC7260BB8A10074A1EF /* Final.app */ = {isa = PBXFileReference; explicitFileType = wrapper.application; includeInIndex = 0; path = Final.app; sourceTree = BUILT_PRODUCTS_DIR; };
		C7344CCA260BB8A10074A1EF /* AppDelegate.swift */ = {isa = PBXFileReference; lastKnownFileType = sourcecode.swift; path = AppDelegate.swift; sourceTree = "<group>"; };
		C7344CCC260BB8A10074A1EF /* SceneDelegate.swift */ = {isa = PBXFileReference; lastKnownFileType = sourcecode.swift; path = SceneDelegate.swift; sourceTree = "<group>"; };
		C7344CCE260BB8A10074A1EF /* ViewController.swift */ = {isa = PBXFileReference; lastKnownFileType = sourcecode.swift; path = ViewController.swift; sourceTree = "<group>"; };
		C7344CD1260BB8A10074A1EF /* Base */ = {isa = PBXFileReference; lastKnownFileType = file.storyboard; name = Base; path = Base.lproj/Main.storyboard; sourceTree = "<group>"; };
		C7344CD3260BB8A20074A1EF /* Assets.xcassets */ = {isa = PBXFileReference; lastKnownFileType = folder.assetcatalog; path = Assets.xcassets; sourceTree = "<group>"; };
		C7344CD6260BB8A20074A1EF /* Base */ = {isa = PBXFileReference; lastKnownFileType = file.storyboard; name = Base; path = Base.lproj/LaunchScreen.storyboard; sourceTree = "<group>"; };
		C7344CD8260BB8A20074A1EF /* Info.plist */ = {isa = PBXFileReference; lastKnownFileType = text.plist.xml; path = Info.plist; sourceTree = "<group>"; };
		C7344CDD260BB8A30074A1EF /* FinalTests.xctest */ = {isa = PBXFileReference; explicitFileType = wrapper.cfbundle; includeInIndex = 0; path = FinalTests.xctest; sourceTree = BUILT_PRODUCTS_DIR; };
		C7344CE1260BB8A30074A1EF /* FinalTests.swift */ = {isa = PBXFileReference; lastKnownFileType = sourcecode.swift; path = FinalTests.swift; sourceTree = "<group>"; };
		C7344CE3260BB8A30074A1EF /* Info.plist */ = {isa = PBXFileReference; lastKnownFileType = text.plist.xml; path = Info.plist; sourceTree = "<group>"; };
		C7344CE8260BB8A30074A1EF /* FinalUITests.xctest */ = {isa = PBXFileReference; explicitFileType = wrapper.cfbundle; includeInIndex = 0; path = FinalUITests.xctest; sourceTree = BUILT_PRODUCTS_DIR; };
		C7344CEC260BB8A30074A1EF /* FinalUITests.swift */ = {isa = PBXFileReference; lastKnownFileType = sourcecode.swift; path = FinalUITests.swift; sourceTree = "<group>"; };
		C7344CEE260BB8A30074A1EF /* Info.plist */ = {isa = PBXFileReference; lastKnownFileType = text.plist.xml; path = Info.plist; sourceTree = "<group>"; };
		C7E73EBD260BCCED000D8022 /* PredictViewController.swift */ = {isa = PBXFileReference; lastKnownFileType = sourcecode.swift; path = PredictViewController.swift; sourceTree = "<group>"; };
		C7E73EC0260BD978000D8022 /* thesistest.mlmodel */ = {isa = PBXFileReference; lastKnownFileType = file.mlmodel; name = thesistest.mlmodel; path = "../../../../Text classification/using storyboard/ml model/thesistest.mlmodel"; sourceTree = "<group>"; };
		C7E73EC2260C84DE000D8022 /* SecondNavigationController.swift */ = {isa = PBXFileReference; lastKnownFileType = sourcecode.swift; path = SecondNavigationController.swift; sourceTree = "<group>"; };
/* End PBXFileReference section */

/* Begin PBXFrameworksBuildPhase section */
		C7344CC4260BB8A10074A1EF /* Frameworks */ = {
			isa = PBXFrameworksBuildPhase;
			buildActionMask = 2147483647;
			files = (
			);
			runOnlyForDeploymentPostprocessing = 0;
		};
		C7344CDA260BB8A30074A1EF /* Frameworks */ = {
			isa = PBXFrameworksBuildPhase;
			buildActionMask = 2147483647;
			files = (
			);
			runOnlyForDeploymentPostprocessing = 0;
		};
		C7344CE5260BB8A30074A1EF /* Frameworks */ = {
			isa = PBXFrameworksBuildPhase;
			buildActionMask = 2147483647;
			files = (
			);
			runOnlyForDeploymentPostprocessing = 0;
		};
/* End PBXFrameworksBuildPhase section */

/* Begin PBXGroup section */
		C7344CBE260BB8A10074A1EF = {
			isa = PBXGroup;
			children = (
				C7344CC9260BB8A10074A1EF /* Final */,
				C7344CE0260BB8A30074A1EF /* FinalTests */,
				C7344CEB260BB8A30074A1EF /* FinalUITests */,
				C7344CC8260BB8A10074A1EF /* Products */,
			);
			sourceTree = "<group>";
		};
		C7344CC8260BB8A10074A1EF /* Products */ = {
			isa = PBXGroup;
			children = (
				C7344CC7260BB8A10074A1EF /* Final.app */,
				C7344CDD260BB8A30074A1EF /* FinalTests.xctest */,
				C7344CE8260BB8A30074A1EF /* FinalUITests.xctest */,
			);
			name = Products;
			sourceTree = "<group>";
		};
		C7344CC9260BB8A10074A1EF /* Final */ = {
			isa = PBXGroup;
			children = (
				C7E73EBF260BCD2B000D8022 /* ViewControllers */,
				C7344CCA260BB8A10074A1EF /* AppDelegate.swift */,
				C7344CCC260BB8A10074A1EF /* SceneDelegate.swift */,
				C7344CD0260BB8A10074A1EF /* Main.storyboard */,
				C7E73EC0260BD978000D8022 /* thesistest.mlmodel */,
				C7344CD3260BB8A20074A1EF /* Assets.xcassets */,
				C7344CD5260BB8A20074A1EF /* LaunchScreen.storyboard */,
				C7344CD8260BB8A20074A1EF /* Info.plist */,
			);
			path = Final;
			sourceTree = "<group>";
		};
		C7344CE0260BB8A30074A1EF /* FinalTests */ = {
			isa = PBXGroup;
			children = (
				C7344CE1260BB8A30074A1EF /* FinalTests.swift */,
				C7344CE3260BB8A30074A1EF /* Info.plist */,
			);
			path = FinalTests;
			sourceTree = "<group>";
		};
		C7344CEB260BB8A30074A1EF /* FinalUITests */ = {
			isa = PBXGroup;
			children = (
				C7344CEC260BB8A30074A1EF /* FinalUITests.swift */,
				C7344CEE260BB8A30074A1EF /* Info.plist */,
			);
			path = FinalUITests;
			sourceTree = "<group>";
		};
		C7E73EBF260BCD2B000D8022 /* ViewControllers */ = {
			isa = PBXGroup;
			children = (
				C7344CCE260BB8A10074A1EF /* ViewController.swift */,
				C7E73EC2260C84DE000D8022 /* SecondNavigationController.swift */,
				C7E73EBD260BCCED000D8022 /* PredictViewController.swift */,
			);
			path = ViewControllers;
			sourceTree = "<group>";
		};
/* End PBXGroup section */

/* Begin PBXNativeTarget section */
		C7344CC6260BB8A10074A1EF /* Final */ = {
			isa = PBXNativeTarget;
			buildConfigurationList = C7344CF1260BB8A30074A1EF /* Build configuration list for PBXNativeTarget "Final" */;
			buildPhases = (
				C7344CC3260BB8A10074A1EF /* Sources */,
				C7344CC4260BB8A10074A1EF /* Frameworks */,
				C7344CC5260BB8A10074A1EF /* Resources */,
			);
			buildRules = (
			);
			dependencies = (
			);
			name = Final;
			productName = Final;
			productReference = C7344CC7260BB8A10074A1EF /* Final.app */;
			productType = "com.apple.product-type.application";
		};
		C7344CDC260BB8A30074A1EF /* FinalTests */ = {
			isa = PBXNativeTarget;
			buildConfigurationList = C7344CF4260BB8A30074A1EF /* Build configuration list for PBXNativeTarget "FinalTests" */;
			buildPhases = (
				C7344CD9260BB8A30074A1EF /* Sources */,
				C7344CDA260BB8A30074A1EF /* Frameworks */,
				C7344CDB260BB8A30074A1EF /* Resources */,
			);
			buildRules = (
			);
			dependencies = (
				C7344CDF260BB8A30074A1EF /* PBXTargetDependency */,
			);
			name = FinalTests;
			productName = FinalTests;
			productReference = C7344CDD260BB8A30074A1EF /* FinalTests.xctest */;
			productType = "com.apple.product-type.bundle.unit-test";
		};
		C7344CE7260BB8A30074A1EF /* FinalUITests */ = {
			isa = PBXNativeTarget;
			buildConfigurationList = C7344CF7260BB8A30074A1EF /* Build configuration list for PBXNativeTarget "FinalUITests" */;
			buildPhases = (
				C7344CE4260BB8A30074A1EF /* Sources */,
				C7344CE5260BB8A30074A1EF /* Frameworks */,
				C7344CE6260BB8A30074A1EF /* Resources */,
			);
			buildRules = (
			);
			dependencies = (
				C7344CEA260BB8A30074A1EF /* PBXTargetDependency */,
			);
			name = FinalUITests;
			productName = FinalUITests;
			productReference = C7344CE8260BB8A30074A1EF /* FinalUITests.xctest */;
			productType = "com.apple.product-type.bundle.ui-testing";
		};
/* End PBXNativeTarget section */

/* Begin PBXProject section */
		C7344CBF260BB8A10074A1EF /* Project object */ = {
			isa = PBXProject;
			attributes = {
				LastSwiftUpdateCheck = 1130;
				LastUpgradeCheck = 1130;
				ORGANIZATIONNAME = "Akshay Devkate";
				TargetAttributes = {
					C7344CC6260BB8A10074A1EF = {
						CreatedOnToolsVersion = 11.3.1;
					};
					C7344CDC260BB8A30074A1EF = {
						CreatedOnToolsVersion = 11.3.1;
						TestTargetID = C7344CC6260BB8A10074A1EF;
					};
					C7344CE7260BB8A30074A1EF = {
						CreatedOnToolsVersion = 11.3.1;
						TestTargetID = C7344CC6260BB8A10074A1EF;
					};
				};
			};
			buildConfigurationList = C7344CC2260BB8A10074A1EF /* Build configuration list for PBXProject "Final" */;
			compatibilityVersion = "Xcode 9.3";
			developmentRegion = en;
			hasScannedForEncodings = 0;
			knownRegions = (
				en,
				Base,
			);
			mainGroup = C7344CBE260BB8A10074A1EF;
			productRefGroup = C7344CC8260BB8A10074A1EF /* Products */;
			projectDirPath = "";
			projectRoot = "";
			targets = (
				C7344CC6260BB8A10074A1EF /* Final */,
				C7344CDC260BB8A30074A1EF /* FinalTests */,
				C7344CE7260BB8A30074A1EF /* FinalUITests */,
			);
		};
/* End PBXProject section */

/* Begin PBXResourcesBuildPhase section */
		C7344CC5260BB8A10074A1EF /* Resources */ = {
			isa = PBXResourcesBuildPhase;
			buildActionMask = 2147483647;
			files = (
				C7344CD7260BB8A20074A1EF /* LaunchScreen.storyboard in Resources */,
				C7344CD4260BB8A20074A1EF /* Assets.xcassets in Resources */,
				C7344CD2260BB8A10074A1EF /* Main.storyboard in Resources */,
			);
			runOnlyForDeploymentPostprocessing = 0;
		};
		C7344CDB260BB8A30074A1EF /* Resources */ = {
			isa = PBXResourcesBuildPhase;
			buildActionMask = 2147483647;
			files = (
			);
			runOnlyForDeploymentPostprocessing = 0;
		};
		C7344CE6260BB8A30074A1EF /* Resources */ = {
			isa = PBXResourcesBuildPhase;
			buildActionMask = 2147483647;
			files = (
			);
			runOnlyForDeploymentPostprocessing = 0;
		};
/* End PBXResourcesBuildPhase section */

/* Begin PBXSourcesBuildPhase section */
		C7344CC3260BB8A10074A1EF /* Sources */ = {
			isa = PBXSourcesBuildPhase;
			buildActionMask = 2147483647;
			files = (
				C7E73EC1260BD978000D8022 /* thesistest.mlmodel in Sources */,
				C7E73EBE260BCCED000D8022 /* PredictViewController.swift in Sources */,
				C7344CCF260BB8A10074A1EF /* ViewController.swift in Sources */,
				C7E73EC3260C84DE000D8022 /* SecondNavigationController.swift in Sources */,
				C7344CCB260BB8A10074A1EF /* AppDelegate.swift in Sources */,
				C7344CCD260BB8A10074A1EF /* SceneDelegate.swift in Sources */,
			);
			runOnlyForDeploymentPostprocessing = 0;
		};
		C7344CD9260BB8A30074A1EF /* Sources */ = {
			isa = PBXSourcesBuildPhase;
			buildActionMask = 2147483647;
			files = (
				C7344CE2260BB8A30074A1EF /* FinalTests.swift in Sources */,
			);
			runOnlyForDeploymentPostprocessing = 0;
		};
		C7344CE4260BB8A30074A1EF /* Sources */ = {
			isa = PBXSourcesBuildPhase;
			buildActionMask = 2147483647;
			files = (
				C7344CED260BB8A30074A1EF /* FinalUITests.swift in Sources */,
			);
			runOnlyForDeploymentPostprocessing = 0;
		};
/* End PBXSourcesBuildPhase section */

/* Begin PBXTargetDependency section */
		C7344CDF260BB8A30074A1EF /* PBXTargetDependency */ = {
			isa = PBXTargetDependency;
			target = C7344CC6260BB8A10074A1EF /* Final */;
			targetProxy = C7344CDE260BB8A30074A1EF /* PBXContainerItemProxy */;
		};
		C7344CEA260BB8A30074A1EF /* PBXTargetDependency */ = {
			isa = PBXTargetDependency;
			target = C7344CC6260BB8A10074A1EF /* Final */;
			targetProxy = C7344CE9260BB8A30074A1EF /* PBXContainerItemProxy */;
		};
/* End PBXTargetDependency section */

/* Begin PBXVariantGroup section */
		C7344CD0260BB8A10074A1EF /* Main.storyboard */ = {
			isa = PBXVariantGroup;
			children = (
				C7344CD1260BB8A10074A1EF /* Base */,
			);
			name = Main.storyboard;
			sourceTree = "<group>";
		};
		C7344CD5260BB8A20074A1EF /* LaunchScreen.storyboard */ = {
			isa = PBXVariantGroup;
			children = (
				C7344CD6260BB8A20074A1EF /* Base */,
			);
			name = LaunchScreen.storyboard;
			sourceTree = "<group>";
		};
/* End PBXVariantGroup section */

/* Begin XCBuildConfiguration section */
		C7344CEF260BB8A30074A1EF /* Debug */ = {
			isa = XCBuildConfiguration;
			buildSettings = {
				ALWAYS_SEARCH_USER_PATHS = NO;
				CLANG_ANALYZER_NONNULL = YES;
				CLANG_ANALYZER_NUMBER_OBJECT_CONVERSION = YES_AGGRESSIVE;
				CLANG_CXX_LANGUAGE_STANDARD = "gnu++14";
				CLANG_CXX_LIBRARY = "libc++";
				CLANG_ENABLE_MODULES = YES;
				CLANG_ENABLE_OBJC_ARC = YES;
				CLANG_ENABLE_OBJC_WEAK = YES;
				CLANG_WARN_BLOCK_CAPTURE_AUTORELEASING = YES;
				CLANG_WARN_BOOL_CONVERSION = YES;
				CLANG_WARN_COMMA = YES;
				CLANG_WARN_CONSTANT_CONVERSION = YES;
				CLANG_WARN_DEPRECATED_OBJC_IMPLEMENTATIONS = YES;
				CLANG_WARN_DIRECT_OBJC_ISA_USAGE = YES_ERROR;
				CLANG_WARN_DOCUMENTATION_COMMENTS = YES;
				CLANG_WARN_EMPTY_BODY = YES;
				CLANG_WARN_ENUM_CONVERSION = YES;
				CLANG_WARN_INFINITE_RECURSION = YES;
				CLANG_WARN_INT_CONVERSION = YES;
				CLANG_WARN_NON_LITERAL_NULL_CONVERSION = YES;
				CLANG_WARN_OBJC_IMPLICIT_RETAIN_SELF = YES;
				CLANG_WARN_OBJC_LITERAL_CONVERSION = YES;
				CLANG_WARN_OBJC_ROOT_CLASS = YES_ERROR;
				CLANG_WARN_RANGE_LOOP_ANALYSIS = YES;
				CLANG_WARN_STRICT_PROTOTYPES = YES;
				CLANG_WARN_SUSPICIOUS_MOVE = YES;
				CLANG_WARN_UNGUARDED_AVAILABILITY = YES_AGGRESSIVE;
				CLANG_WARN_UNREACHABLE_CODE = YES;
				CLANG_WARN__DUPLICATE_METHOD_MATCH = YES;
				COPY_PHASE_STRIP = NO;
				DEBUG_INFORMATION_FORMAT = dwarf;
				ENABLE_STRICT_OBJC_MSGSEND = YES;
				ENABLE_TESTABILITY = YES;
				GCC_C_LANGUAGE_STANDARD = gnu11;
				GCC_DYNAMIC_NO_PIC = NO;
				GCC_NO_COMMON_BLOCKS = YES;
				GCC_OPTIMIZATION_LEVEL = 0;
				GCC_PREPROCESSOR_DEFINITIONS = (
					"DEBUG=1",
					"$(inherited)",
				);
				GCC_WARN_64_TO_32_BIT_CONVERSION = YES;
				GCC_WARN_ABOUT_RETURN_TYPE = YES_ERROR;
				GCC_WARN_UNDECLARED_SELECTOR = YES;
				GCC_WARN_UNINITIALIZED_AUTOS = YES_AGGRESSIVE;
				GCC_WARN_UNUSED_FUNCTION = YES;
				GCC_WARN_UNUSED_VARIABLE = YES;
				IPHONEOS_DEPLOYMENT_TARGET = 13.2;
				MTL_ENABLE_DEBUG_INFO = INCLUDE_SOURCE;
				MTL_FAST_MATH = YES;
				ONLY_ACTIVE_ARCH = YES;
				SDKROOT = iphoneos;
				SWIFT_ACTIVE_COMPILATION_CONDITIONS = DEBUG;
				SWIFT_OPTIMIZATION_LEVEL = "-Onone";
			};
			name = Debug;
		};
		C7344CF0260BB8A30074A1EF /* Release */ = {
			isa = XCBuildConfiguration;
			buildSettings = {
				ALWAYS_SEARCH_USER_PATHS = NO;
				CLANG_ANALYZER_NONNULL = YES;
				CLANG_ANALYZER_NUMBER_OBJECT_CONVERSION = YES_AGGRESSIVE;
				CLANG_CXX_LANGUAGE_STANDARD = "gnu++14";
				CLANG_CXX_LIBRARY = "libc++";
				CLANG_ENABLE_MODULES = YES;
				CLANG_ENABLE_OBJC_ARC = YES;
				CLANG_ENABLE_OBJC_WEAK = YES;
				CLANG_WARN_BLOCK_CAPTURE_AUTORELEASING = YES;
				CLANG_WARN_BOOL_CONVERSION = YES;
				CLANG_WARN_COMMA = YES;
				CLANG_WARN_CONSTANT_CONVERSION = YES;
				CLANG_WARN_DEPRECATED_OBJC_IMPLEMENTATIONS = YES;
				CLANG_WARN_DIRECT_OBJC_ISA_USAGE = YES_ERROR;
				CLANG_WARN_DOCUMENTATION_COMMENTS = YES;
				CLANG_WARN_EMPTY_BODY = YES;
				CLANG_WARN_ENUM_CONVERSION = YES;
				CLANG_WARN_INFINITE_RECURSION = YES;
				CLANG_WARN_INT_CONVERSION = YES;
				CLANG_WARN_NON_LITERAL_NULL_CONVERSION = YES;
				CLANG_WARN_OBJC_IMPLICIT_RETAIN_SELF = YES;
				CLANG_WARN_OBJC_LITERAL_CONVERSION = YES;
				CLANG_WARN_OBJC_ROOT_CLASS = YES_ERROR;
				CLANG_WARN_RANGE_LOOP_ANALYSIS = YES;
				CLANG_WARN_STRICT_PROTOTYPES = YES;
				CLANG_WARN_SUSPICIOUS_MOVE = YES;
				CLANG_WARN_UNGUARDED_AVAILABILITY = YES_AGGRESSIVE;
				CLANG_WARN_UNREACHABLE_CODE = YES;
				CLANG_WARN__DUPLICATE_METHOD_MATCH = YES;
				COPY_PHASE_STRIP = NO;
				DEBUG_INFORMATION_FORMAT = "dwarf-with-dsym";
				ENABLE_NS_ASSERTIONS = NO;
				ENABLE_STRICT_OBJC_MSGSEND = YES;
				GCC_C_LANGUAGE_STANDARD = gnu11;
				GCC_NO_COMMON_BLOCKS = YES;
				GCC_WARN_64_TO_32_BIT_CONVERSION = YES;
				GCC_WARN_ABOUT_RETURN_TYPE = YES_ERROR;
				GCC_WARN_UNDECLARED_SELECTOR = YES;
				GCC_WARN_UNINITIALIZED_AUTOS = YES_AGGRESSIVE;
				GCC_WARN_UNUSED_FUNCTION = YES;
				GCC_WARN_UNUSED_VARIABLE = YES;
				IPHONEOS_DEPLOYMENT_TARGET = 13.2;
				MTL_ENABLE_DEBUG_INFO = NO;
				MTL_FAST_MATH = YES;
				SDKROOT = iphoneos;
				SWIFT_COMPILATION_MODE = wholemodule;
				SWIFT_OPTIMIZATION_LEVEL = "-O";
				VALIDATE_PRODUCT = YES;
			};
			name = Release;
		};
		C7344CF2260BB8A30074A1EF /* Debug */ = {
			isa = XCBuildConfiguration;
			buildSettings = {
				ASSETCATALOG_COMPILER_APPICON_NAME = AppIcon;
				CODE_SIGN_STYLE = Automatic;
				DEVELOPMENT_TEAM = 9H3878HUL4;
				INFOPLIST_FILE = Final/Info.plist;
				LD_RUNPATH_SEARCH_PATHS = (
					"$(inherited)",
					"@executable_path/Frameworks",
				);
				PRODUCT_BUNDLE_IDENTIFIER = com.akshay.Final;
				PRODUCT_NAME = "$(TARGET_NAME)";
				SWIFT_VERSION = 5.0;
				TARGETED_DEVICE_FAMILY = "1,2";
			};
			name = Debug;
		};
		C7344CF3260BB8A30074A1EF /* Release */ = {
			isa = XCBuildConfiguration;
			buildSettings = {
				ASSETCATALOG_COMPILER_APPICON_NAME = AppIcon;
				CODE_SIGN_STYLE = Automatic;
				DEVELOPMENT_TEAM = 9H3878HUL4;
				INFOPLIST_FILE = Final/Info.plist;
				LD_RUNPATH_SEARCH_PATHS = (
					"$(inherited)",
					"@executable_path/Frameworks",
				);
				PRODUCT_BUNDLE_IDENTIFIER = com.akshay.Final;
				PRODUCT_NAME = "$(TARGET_NAME)";
				SWIFT_VERSION = 5.0;
				TARGETED_DEVICE_FAMILY = "1,2";
			};
			name = Release;
		};
		C7344CF5260BB8A30074A1EF /* Debug */ = {
			isa = XCBuildConfiguration;
			buildSettings = {
				ALWAYS_EMBED_SWIFT_STANDARD_LIBRARIES = YES;
				BUNDLE_LOADER = "$(TEST_HOST)";
				CODE_SIGN_STYLE = Automatic;
				DEVELOPMENT_TEAM = 9H3878HUL4;
				INFOPLIST_FILE = FinalTests/Info.plist;
				IPHONEOS_DEPLOYMENT_TARGET = 13.2;
				LD_RUNPATH_SEARCH_PATHS = (
					"$(inherited)",
					"@executable_path/Frameworks",
					"@loader_path/Frameworks",
				);
				PRODUCT_BUNDLE_IDENTIFIER = com.akshay.FinalTests;
				PRODUCT_NAME = "$(TARGET_NAME)";
				SWIFT_VERSION = 5.0;
				TARGETED_DEVICE_FAMILY = "1,2";
				TEST_HOST = "$(BUILT_PRODUCTS_DIR)/Final.app/Final";
			};
			name = Debug;
		};
		C7344CF6260BB8A30074A1EF /* Release */ = {
			isa = XCBuildConfiguration;
			buildSettings = {
				ALWAYS_EMBED_SWIFT_STANDARD_LIBRARIES = YES;
				BUNDLE_LOADER = "$(TEST_HOST)";
				CODE_SIGN_STYLE = Automatic;
				DEVELOPMENT_TEAM = 9H3878HUL4;
				INFOPLIST_FILE = FinalTests/Info.plist;
				IPHONEOS_DEPLOYMENT_TARGET = 13.2;
				LD_RUNPATH_SEARCH_PATHS = (
					"$(inherited)",
					"@executable_path/Frameworks",
					"@loader_path/Frameworks",
				);
				PRODUCT_BUNDLE_IDENTIFIER = com.akshay.FinalTests;
				PRODUCT_NAME = "$(TARGET_NAME)";
				SWIFT_VERSION = 5.0;
				TARGETED_DEVICE_FAMILY = "1,2";
				TEST_HOST = "$(BUILT_PRODUCTS_DIR)/Final.app/Final";
			};
			name = Release;
		};
		C7344CF8260BB8A30074A1EF /* Debug */ = {
			isa = XCBuildConfiguration;
			buildSettings = {
				ALWAYS_EMBED_SWIFT_STANDARD_LIBRARIES = YES;
				CODE_SIGN_STYLE = Automatic;
				DEVELOPMENT_TEAM = 9H3878HUL4;
				INFOPLIST_FILE = FinalUITests/Info.plist;
				LD_RUNPATH_SEARCH_PATHS = (
					"$(inherited)",
					"@executable_path/Frameworks",
					"@loader_path/Frameworks",
				);
				PRODUCT_BUNDLE_IDENTIFIER = com.akshay.FinalUITests;
				PRODUCT_NAME = "$(TARGET_NAME)";
				SWIFT_VERSION = 5.0;
				TARGETED_DEVICE_FAMILY = "1,2";
				TEST_TARGET_NAME = Final;
			};
			name = Debug;
		};
		C7344CF9260BB8A30074A1EF /* Release */ = {
			isa = XCBuildConfiguration;
			buildSettings = {
				ALWAYS_EMBED_SWIFT_STANDARD_LIBRARIES = YES;
				CODE_SIGN_STYLE = Automatic;
				DEVELOPMENT_TEAM = 9H3878HUL4;
				INFOPLIST_FILE = FinalUITests/Info.plist;
				LD_RUNPATH_SEARCH_PATHS = (
					"$(inherited)",
					"@executable_path/Frameworks",
					"@loader_path/Frameworks",
				);
				PRODUCT_BUNDLE_IDENTIFIER = com.akshay.FinalUITests;
				PRODUCT_NAME = "$(TARGET_NAME)";
				SWIFT_VERSION = 5.0;
				TARGETED_DEVICE_FAMILY = "1,2";
				TEST_TARGET_NAME = Final;
			};
			name = Release;
		};
/* End XCBuildConfiguration section */

/* Begin XCConfigurationList section */
		C7344CC2260BB8A10074A1EF /* Build configuration list for PBXProject "Final" */ = {
			isa = XCConfigurationList;
			buildConfigurations = (
				C7344CEF260BB8A30074A1EF /* Debug */,
				C7344CF0260BB8A30074A1EF /* Release */,
			);
			defaultConfigurationIsVisible = 0;
			defaultConfigurationName = Release;
		};
		C7344CF1260BB8A30074A1EF /* Build configuration list for PBXNativeTarget "Final" */ = {
			isa = XCConfigurationList;
			buildConfigurations = (
				C7344CF2260BB8A30074A1EF /* Debug */,
				C7344CF3260BB8A30074A1EF /* Release */,
			);
			defaultConfigurationIsVisible = 0;
			defaultConfigurationName = Release;
		};
		C7344CF4260BB8A30074A1EF /* Build configuration list for PBXNativeTarget "FinalTests" */ = {
			isa = XCConfigurationList;
			buildConfigurations = (
				C7344CF5260BB8A30074A1EF /* Debug */,
				C7344CF6260BB8A30074A1EF /* Release */,
			);
			defaultConfigurationIsVisible = 0;
			defaultConfigurationName = Release;
		};
		C7344CF7260BB8A30074A1EF /* Build configuration list for PBXNativeTarget "FinalUITests" */ = {
			isa = XCConfigurationList;
			buildConfigurations = (
				C7344CF8260BB8A30074A1EF /* Debug */,
				C7344CF9260BB8A30074A1EF /* Release */,
			);
			defaultConfigurationIsVisible = 0;
			defaultConfigurationName = Release;
		};
/* End XCConfigurationList section */
	};
	rootObject = C7344CBF260BB8A10074A1EF /* Project object */;
}
